
Microsoft Visual Studio Solution File, Format Version 12.00
# Visual Studio 15
Project("{FAE04EC0-301F-11D3-BF4B-00C04F79EFBC}") = "Road", "Road.csproj", "{6FCA2451-5B22-6137-6BEE-D46843A91D9D}"
EndProject
Project("{FAE04EC0-301F-11D3-BF4B-00C04F79EFBC}") = "Road.Editor", "Road.Editor.csproj", "{F41B585E-E97A-21FE-BA10-47F37D5B77A0}"
EndProject
Global
	GlobalSection(SolutionConfigurationPlatforms) = preSolution
		Debug|Any CPU = Debug|Any CPU
		Release|Any CPU = Release|Any CPU
	EndGlobalSection
	GlobalSection(ProjectConfigurationPlatforms) = postSolution
		{6FCA2451-5B22-6137-6BEE-D46843A91D9D}.Debug|Any CPU.ActiveCfg = Debug|Any CPU
		{6FCA2451-5B22-6137-6BEE-D46843A91D9D}.Debug|Any CPU.Build.0 = Debug|Any CPU
		{6FCA2451-5B22-6137-6BEE-D46843A91D9D}.Release|Any CPU.ActiveCfg = Release|Any CPU
		{6FCA2451-5B22-6137-6BEE-D46843A91D9D}.Release|Any CPU.Build.0 = Release|Any CPU
		{F41B585E-E97A-21FE-BA10-47F37D5B77A0}.Debug|Any CPU.ActiveCfg = Debug|Any CPU
		{F41B585E-E97A-21FE-BA10-47F37D5B77A0}.Debug|Any CPU.Build.0 = Debug|Any CPU
		{F41B585E-E97A-21FE-BA10-47F37D5B77A0}.Release|Any CPU.ActiveCfg = Release|Any CPU
		{F41B585E-E97A-21FE-BA10-47F37D5B77A0}.Release|Any CPU.Build.0 = Release|Any CPU
	EndGlobalSection
	GlobalSection(SolutionProperties) = preSolution
		HideSolutionNode = FALSE
	EndGlobalSection
EndGlobal
